
Microsoft Visual Studio Solution File, Format Version 12.00
# Visual Studio 2013
VisualStudioVersion = 12.0.40629.0
MinimumVisualStudioVersion = 10.0.40219.1
Project("{FAE04EC0-301F-11D3-BF4B-00C04F79EFBC}") = "SCCL.Web", "SCCL.Web\SCCL.Web.csproj", "{73F31790-54A0-44D2-AE8C-2363B95FC257}"
EndProject
Project("{FAE04EC0-301F-11D3-BF4B-00C04F79EFBC}") = "SCCL.Domain", "SCCL.Domain\SCCL.Domain.csproj", "{281DE029-41E1-4A4D-ADCF-3F810A46D849}"
EndProject
Project("{FAE04EC0-301F-11D3-BF4B-00C04F79EFBC}") = "SCCL.UnitTests", "SCCL.UnitTests\SCCL.UnitTests.csproj", "{604757BE-C003-4FF2-8EB6-75CB6D1E6471}"
EndProject
Global
	GlobalSection(SolutionConfigurationPlatforms) = preSolution
		Debug|Any CPU = Debug|Any CPU
		Release|Any CPU = Release|Any CPU
	EndGlobalSection
	GlobalSection(ProjectConfigurationPlatforms) = postSolution
		{73F31790-54A0-44D2-AE8C-2363B95FC257}.Debug|Any CPU.ActiveCfg = Debug|Any CPU
		{73F31790-54A0-44D2-AE8C-2363B95FC257}.Debug|Any CPU.Build.0 = Debug|Any CPU
		{73F31790-54A0-44D2-AE8C-2363B95FC257}.Release|Any CPU.ActiveCfg = Release|Any CPU
		{73F31790-54A0-44D2-AE8C-2363B95FC257}.Release|Any CPU.Build.0 = Release|Any CPU
		{281DE029-41E1-4A4D-ADCF-3F810A46D849}.Debug|Any CPU.ActiveCfg = Debug|Any CPU
		{281DE029-41E1-4A4D-ADCF-3F810A46D849}.Debug|Any CPU.Build.0 = Debug|Any CPU
		{281DE029-41E1-4A4D-ADCF-3F810A46D849}.Release|Any CPU.ActiveCfg = Release|Any CPU
		{281DE029-41E1-4A4D-ADCF-3F810A46D849}.Release|Any CPU.Build.0 = Release|Any CPU
		{604757BE-C003-4FF2-8EB6-75CB6D1E6471}.Debug|Any CPU.ActiveCfg = Debug|Any CPU
		{604757BE-C003-4FF2-8EB6-75CB6D1E6471}.Debug|Any CPU.Build.0 = Debug|Any CPU
		{604757BE-C003-4FF2-8EB6-75CB6D1E6471}.Release|Any CPU.ActiveCfg = Release|Any CPU
		{604757BE-C003-4FF2-8EB6-75CB6D1E6471}.Release|Any CPU.Build.0 = Release|Any CPU
	EndGlobalSection
	GlobalSection(SolutionProperties) = preSolution
		HideSolutionNode = FALSE
	EndGlobalSection
EndGlobal
