
Microsoft Visual Studio Solution File, Format Version 12.00
# Visual Studio 2013
VisualStudioVersion = 12.0.40629.0
MinimumVisualStudioVersion = 10.0.40219.1
Project("{FAE04EC0-301F-11D3-BF4B-00C04F79EFBC}") = "SCCL.Web", "SCCL.Web\SCCL.Web.csproj", "{73F31790-54A0-44D2-AE8C-2363B95FC257}"
EndProject
Project("{FAE04EC0-301F-11D3-BF4B-00C04F79EFBC}") = "SCCL.UnitTests", "SCCL.UnitTests\SCCL.UnitTests.csproj", "{604757BE-C003-4FF2-8EB6-75CB6D1E6471}"
EndProject
Project("{F088123C-0E9E-452A-89E6-6BA2F21D5CAC}") = "SCSystemDesign", "SCSystemDesign\SCSystemDesign.modelproj", "{3E60517C-1C15-4676-9620-2C2531CA91DE}"
EndProject
Project("{FAE04EC0-301F-11D3-BF4B-00C04F79EFBC}") = "SCCL.Core", "SCCL.Core\SCCL.Core.csproj", "{FB31687E-312F-4206-B2E9-32563A161618}"
EndProject
Project("{FAE04EC0-301F-11D3-BF4B-00C04F79EFBC}") = "SCCL.Infrastructure", "SCCL.Infrastructure\SCCL.Infrastructure.csproj", "{13C044E9-BD7B-4228-86E7-2C132C554C19}"
EndProject
Global
	GlobalSection(SolutionConfigurationPlatforms) = preSolution
		Debug|Any CPU = Debug|Any CPU
		Release|Any CPU = Release|Any CPU
	EndGlobalSection
	GlobalSection(ProjectConfigurationPlatforms) = postSolution
		{73F31790-54A0-44D2-AE8C-2363B95FC257}.Debug|Any CPU.ActiveCfg = Debug|Any CPU
		{73F31790-54A0-44D2-AE8C-2363B95FC257}.Debug|Any CPU.Build.0 = Debug|Any CPU
		{73F31790-54A0-44D2-AE8C-2363B95FC257}.Release|Any CPU.ActiveCfg = Release|Any CPU
		{73F31790-54A0-44D2-AE8C-2363B95FC257}.Release|Any CPU.Build.0 = Release|Any CPU
		{604757BE-C003-4FF2-8EB6-75CB6D1E6471}.Debug|Any CPU.ActiveCfg = Debug|Any CPU
		{604757BE-C003-4FF2-8EB6-75CB6D1E6471}.Debug|Any CPU.Build.0 = Debug|Any CPU
		{604757BE-C003-4FF2-8EB6-75CB6D1E6471}.Release|Any CPU.ActiveCfg = Release|Any CPU
		{604757BE-C003-4FF2-8EB6-75CB6D1E6471}.Release|Any CPU.Build.0 = Release|Any CPU
		{3E60517C-1C15-4676-9620-2C2531CA91DE}.Debug|Any CPU.ActiveCfg = Debug|Any CPU
		{3E60517C-1C15-4676-9620-2C2531CA91DE}.Debug|Any CPU.Build.0 = Debug|Any CPU
		{3E60517C-1C15-4676-9620-2C2531CA91DE}.Release|Any CPU.ActiveCfg = Release|Any CPU
		{3E60517C-1C15-4676-9620-2C2531CA91DE}.Release|Any CPU.Build.0 = Release|Any CPU
		{FB31687E-312F-4206-B2E9-32563A161618}.Debug|Any CPU.ActiveCfg = Debug|Any CPU
		{FB31687E-312F-4206-B2E9-32563A161618}.Debug|Any CPU.Build.0 = Debug|Any CPU
		{FB31687E-312F-4206-B2E9-32563A161618}.Release|Any CPU.ActiveCfg = Release|Any CPU
		{FB31687E-312F-4206-B2E9-32563A161618}.Release|Any CPU.Build.0 = Release|Any CPU
		{13C044E9-BD7B-4228-86E7-2C132C554C19}.Debug|Any CPU.ActiveCfg = Debug|Any CPU
		{13C044E9-BD7B-4228-86E7-2C132C554C19}.Debug|Any CPU.Build.0 = Debug|Any CPU
		{13C044E9-BD7B-4228-86E7-2C132C554C19}.Release|Any CPU.ActiveCfg = Release|Any CPU
		{13C044E9-BD7B-4228-86E7-2C132C554C19}.Release|Any CPU.Build.0 = Release|Any CPU
	EndGlobalSection
	GlobalSection(SolutionProperties) = preSolution
		HideSolutionNode = FALSE
	EndGlobalSection
EndGlobal
